
Microsoft Visual Studio Solution File, Format Version 12.00
Project("{FAE04EC0-301F-11D3-BF4B-00C04F79EFBC}") = "BitBayPayClient", "BitBayPayClient\BitBayPayClient.csproj", "{01930F8A-C3E5-4EB3-A248-E33BF441C397}"
EndProject
Project("{2150E333-8FDC-42A3-9474-1A3956D46DE8}") = "Samples", "Samples", "{CB9104B3-DAAE-4E3C-9359-40A072D41FE9}"
EndProject
Project("{FAE04EC0-301F-11D3-BF4B-00C04F79EFBC}") = "Mvc", "..\samples\Mvc\Mvc.csproj", "{F59FAA34-70A9-45E2-BC2A-E45FDB66AC47}"
EndProject
Global
	GlobalSection(SolutionConfigurationPlatforms) = preSolution
		Debug|Any CPU = Debug|Any CPU
		Release|Any CPU = Release|Any CPU
	EndGlobalSection
	GlobalSection(ProjectConfigurationPlatforms) = postSolution
		{01930F8A-C3E5-4EB3-A248-E33BF441C397}.Debug|Any CPU.ActiveCfg = Debug|Any CPU
		{01930F8A-C3E5-4EB3-A248-E33BF441C397}.Debug|Any CPU.Build.0 = Debug|Any CPU
		{01930F8A-C3E5-4EB3-A248-E33BF441C397}.Release|Any CPU.ActiveCfg = Release|Any CPU
		{01930F8A-C3E5-4EB3-A248-E33BF441C397}.Release|Any CPU.Build.0 = Release|Any CPU
		{F59FAA34-70A9-45E2-BC2A-E45FDB66AC47}.Debug|Any CPU.ActiveCfg = Debug|Any CPU
		{F59FAA34-70A9-45E2-BC2A-E45FDB66AC47}.Debug|Any CPU.Build.0 = Debug|Any CPU
		{F59FAA34-70A9-45E2-BC2A-E45FDB66AC47}.Release|Any CPU.ActiveCfg = Release|Any CPU
		{F59FAA34-70A9-45E2-BC2A-E45FDB66AC47}.Release|Any CPU.Build.0 = Release|Any CPU
	EndGlobalSection
	GlobalSection(NestedProjects) = preSolution
		{F59FAA34-70A9-45E2-BC2A-E45FDB66AC47} = {CB9104B3-DAAE-4E3C-9359-40A072D41FE9}
	EndGlobalSection
EndGlobal
